<?xml version="1.0" encoding="utf-8"?>
<Project ToolsVersion="4.0" xmlns="http://schemas.microsoft.com/developer/msbuild/2003">
  <ItemGroup>
    <FxCompile Include="SkinnedMeshVS.hlsl" />
    <FxCompile Include="SpritePS.hlsl" />
    <FxCompile Include="MeshPS.hlsl" />
    <FxCompile Include="SpriteVS.hlsl" />
    <FxCompile Include="MeshVS.hlsl" />
  </ItemGroup>
  <ItemGroup>
    <ClCompile Include="Animation.cpp" />
    <ClCompile Include="Apartment.cpp" />
    <ClCompile Include="Audio.cpp" />
    <ClCompile Include="Billboard.cpp" />
    <ClCompile Include="Camera.cpp" />
    <ClCompile Include="Clocktower.cpp" />
    <ClCompile Include="Component.cpp" />
    <ClCompile Include="ConstantBuffer.cpp" />
    <ClCompile Include="Convenience.cpp" />
    <ClCompile Include="Dentyuu.cpp" />
    <ClCompile Include="EngineCore.cpp" />
    <ClCompile Include="EventSystem.cpp" />
    <ClCompile Include="GameObject.cpp" />
    <ClCompile Include="GraphicsDevice.cpp" />
    <ClCompile Include="House.cpp" />
    <ClCompile Include="InputSystem.cpp" />
    <ClCompile Include="Karaoke.cpp" />
    <ClCompile Include="Mansion01.cpp" />
    <ClCompile Include="Mansion02.cpp" />
    <ClCompile Include="Material.cpp" />
    <ClCompile Include="Mesh.cpp" />
    <ClCompile Include="Model.cpp" />
    <ClCompile Include="Namioka.cpp" />
    <ClCompile Include="PlayerAudio.cpp" />
    <ClCompile Include="Road.cpp" />
    <ClCompile Include="SpecialDensen.cpp" />
    <ClCompile Include="SpecialDentyuu.cpp" />
    <ClCompile Include="Title.cpp" />
    <ClCompile Include="Result.cpp" />
    <ClCompile Include="ResultController.cpp" />
    <ClCompile Include="GameClearChecker.cpp" />
    <ClCompile Include="TitleController.cpp" />
    <ClCompile Include="PhysicsBody.cpp" />
    <ClCompile Include="PoleManager.cpp" />
    <ClCompile Include="PowerPlant.cpp" />
    <ClCompile Include="Renderer.cpp" />
    <ClCompile Include="Resource.cpp" />
    <ClCompile Include="ResourceSystem.cpp" />
    <ClCompile Include="SceneSystem.cpp" />
    <ClCompile Include="Shader.cpp" />
    <ClCompile Include="StructuredBuffer.cpp" />
    <ClCompile Include="Transform.cpp" />
    <ClCompile Include="Vector2.cpp" />
    <ClCompile Include="Vector3.cpp" />
    <ClCompile Include="Vector4.cpp" />
    <ClCompile Include="Wacdonald.cpp" />
    <ClCompile Include="Window.cpp" />
    <ClCompile Include="WindowSystem.cpp" />
    <ClCompile Include="GamePad.cpp" />
    <ClCompile Include="DebugCamera.cpp" />
    <ClCompile Include="DebugOstream.cpp" />
    <ClCompile Include="DebugText.cpp" />
    <ClCompile Include="Game.cpp" />
    <ClCompile Include="Health.cpp" />
    <ClCompile Include="Keyboard.cpp" />
    <ClCompile Include="main.cpp" />
    <ClCompile Include="Mouse.cpp" />
    <ClCompile Include="Movement.cpp" />
    <ClCompile Include="PhysicsSystem.cpp" />
    <ClCompile Include="Player.cpp" />
    <ClCompile Include="PlayerMorphSystem.cpp" />
    <ClCompile Include="PlayerMovement.cpp" />
    <ClCompile Include="PlayerState.cpp" />
    <ClCompile Include="PlayerStateElectric.cpp" />
    <ClCompile Include="PlayerStateHuman.cpp" />
    <ClCompile Include="PlayerStateHumanGround.cpp" />
    <ClCompile Include="PlayerStateHumanIdle.cpp" />
    <ClCompile Include="PlayerStateHumanMidAir.cpp" />
    <ClCompile Include="PlayerStateHumanWalk.cpp" />
    <ClCompile Include="Pole.cpp" />
    <ClCompile Include="PowerLine.cpp" />
    <ClCompile Include="Quaternion.cpp" />
    <ClCompile Include="RenderingSystem.cpp" />
    <ClCompile Include="Scene.cpp" />
    <ClCompile Include="SystemTimer.cpp" />
    <ClCompile Include="Texture.cpp" />
    <ClCompile Include="TPSCamera.cpp" />
    <ClCompile Include="WICTextureLoader11.cpp" />
    <ClCompile Include="Bullet.cpp" />
  </ItemGroup>
  <ItemGroup>
    <ClInclude Include="Animation.h" />
    <ClInclude Include="Apartment.h" />
    <ClInclude Include="Audio.h" />
    <ClInclude Include="Billboard.h" />
    <ClInclude Include="BillboardPrefab.h" />
    <ClInclude Include="Camera.h" />
    <ClInclude Include="CameraPrefab.h" />
    <ClInclude Include="Clocktower.h" />
    <ClInclude Include="ColliderShape.h" />
    <ClInclude Include="Command.h" />
    <ClInclude Include="CommandSet.h" />
    <ClInclude Include="Component.h" />
    <ClInclude Include="ConstantBuffer.h" />
    <ClInclude Include="Convenience.h" />
    <ClInclude Include="DebugCameraPrefab.h" />
    <ClInclude Include="EventSystem.h" />
    <ClInclude Include="Dentyuu.h" />
    <ClInclude Include="Enemy.h" />
    <ClInclude Include="EnemyPrefab.h" />
    <ClInclude Include="GraphicsDevice.h" />
    <ClInclude Include="House.h" />
    <ClInclude Include="Karaoke.h" />
    <ClInclude Include="Mansion01.h" />
    <ClInclude Include="Mansion02.h" />
    <ClInclude Include="Material.h" />
    <ClInclude Include="Mesh.h" />
    <ClInclude Include="Model.h" />
    <ClInclude Include="Namioka.h" />
    <ClInclude Include="PlayerAudio.h" />
    <ClInclude Include="Road.h" />
    <ClInclude Include="SpecialDensen.h" />
    <ClInclude Include="SpecialDentyuu.h" />
    <ClInclude Include="Title.h" />
    <ClInclude Include="Result.h" />
    <ClInclude Include="ResultController.h" />
    <ClInclude Include="GameClearChecker.h" />
    <ClInclude Include="TitleController.h" />
    <ClInclude Include="PlayerPrefab.h" />
    <ClInclude Include="DebugCounter.h" />
    <ClInclude Include="GameContext.h" />
    <ClInclude Include="InputSystem.h" />
    <ClInclude Include="ObjectPool.h" />
    <ClInclude Include="PhysicsBody.h" />
    <ClInclude Include="PowerPlant.h" />
    <ClInclude Include="Prefab.h" />
    <ClInclude Include="Resource.h" />
    <ClInclude Include="ResourceSystem.h" />
    <ClInclude Include="SceneSystem.h" />
    <ClInclude Include="ScriptComponent.h" />
    <ClInclude Include="ScriptComponentSystem.h" />
    <ClInclude Include="Shader.h" />
    <ClInclude Include="StructuredBuffer.h" />
    <ClInclude Include="TPSCameraPrefab.h" />
    <ClInclude Include="UniqueQueue.h" />
    <ClInclude Include="UniqueVector.h" />
    <ClInclude Include="Vector2.h" />
    <ClInclude Include="Vector3.h" />
    <ClInclude Include="Vector4.h" />
    <ClInclude Include="Wacdonald.h" />
    <ClInclude Include="Window.h" />
    <ClInclude Include="WindowSystem.h" />
    <ClInclude Include="GamePad.h" />
    <ClInclude Include="DebugCamera.h" />
    <ClInclude Include="DebugConsole.h" />
    <ClInclude Include="DebugOstream.h" />
    <ClInclude Include="DebugText.h" />
    <ClInclude Include="Game.h" />
    <ClInclude Include="GameObject.h" />
    <ClInclude Include="Health.h" />
    <ClInclude Include="InputHandler.h" />
    <ClInclude Include="InputDevice.h" />
    <ClInclude Include="Keyboard.h" />
    <ClInclude Include="Renderer.h" />
    <ClInclude Include="Mouse.h" />
    <ClInclude Include="Movement.h" />
    <ClInclude Include="Object.h" />
    <ClInclude Include="PhysicsSystem.h" />
    <ClInclude Include="Player.h" />
    <ClInclude Include="PlayerCommand.h" />
    <ClInclude Include="PlayerCommandSet.h" />
    <ClInclude Include="PlayerMorphSystem.h" />
    <ClInclude Include="PlayerMovement.h" />
    <ClInclude Include="PlayerState.h" />
    <ClInclude Include="PlayerState_Electric.h" />
    <ClInclude Include="PlayerState_Human_Ground.h" />
    <ClInclude Include="PlayerState_Human.h" />
    <ClInclude Include="PlayerState_Human_Idle.h" />
    <ClInclude Include="PlayerState_Human_MidAir.h" />
    <ClInclude Include="PlayerState_Human_Walk.h" />
    <ClInclude Include="Pole.h" />
    <ClInclude Include="PoleManager.h" />
    <ClInclude Include="PowerLine.h" />
    <ClInclude Include="Quaternion.h" />
    <ClInclude Include="Ray.h" />
    <ClInclude Include="RenderingSystem.h" />
    <ClInclude Include="Scene.h" />
    <ClInclude Include="EngineCore.h" />
    <ClInclude Include="SystemTimer.h" />
    <ClInclude Include="Texture.h" />
    <ClInclude Include="Time.h" />
    <ClInclude Include="TPSCamera.h" />
    <ClInclude Include="Transform.h" />
    <ClInclude Include="WICTextureLoader11.h" />
    <ClInclude Include="EnemySpawner.h" />
    <ClInclude Include="EnemySpawnerPrefab.h" />
    <ClInclude Include="Bullet.h" />
  </ItemGroup>
  <ItemGroup>
    <None Include=".github\copilot-instructions.md" />
    <None Include="Component.inl" />
    <None Include="context\Component.md" />
    <None Include="context\GameObject.md" />
    <None Include="context\Math.md" />
    <None Include="context\Physics.md" />
    <None Include="context\Player.md" />
    <None Include="context\Prefab.md" />
    <None Include="context\Scene.md" />
    <None Include="context\ScriptComponent.md" />
    <None Include="context\System.md" />
    <None Include="context\Time.md" />
    <None Include="GameObject.inl" />
    <None Include="ResourceSystem.inl" />
    <None Include="Scene.inl" />
    <None Include="SceneSystem.inl" />
  </ItemGroup>
</Project>